{
  "version": "5",
  "specifiers": {
    "jsr:@hono/hono@^4.12.23": "4.12.23",
    "jsr:@std/crypto@1": "1.0.5",
    "jsr:@std/dotenv@0.225": "0.225.6",
    "jsr:@std/encoding@1": "1.0.10",
    "npm:@supabase/supabase-js@^2.106.2": "2.106.2"
  },
  "jsr": {
    "@hono/hono@4.12.23": {
      "integrity": "9d9f3da498f69c311b5f92d973eb3b8ebc973b5fd2b4972781b556e07818a745"
    },
    "@std/crypto@1.0.5": {
      "integrity": "0dcfbb319fe0bba1bd3af904ceb4f948cde1b92979ec1614528380ed308a3b40"
    },
    "@std/dotenv@0.225.6": {
      "integrity": "1d6f9db72f565bd26790fa034c26e45ecb260b5245417be76c2279e5734c421b"
    },
    "@std/encoding@1.0.10": {
      "integrity": "8783c6384a2d13abd5e9e87a7ae0520a30e9f56aeeaa3bdf910a3eaaf5c811a1"
    }
  },
  "npm": {
    "@supabase/auth-js@2.106.2": {
      "integrity": "sha512-VcAjUErkHkhC5Jaf+g/G1qbkQrFh8edaCdHa7pxJmHUjkWKjT7UnYCtPA89XV0N0GIYRkEqJZw5V62CtOxTmBQ==",
      "dependencies": [
        "tslib"
      ]
    },
    "@supabase/functions-js@2.106.2": {
      "integrity": "sha512-oRnr0QrL8H+zTO1YyQ1QjiHZU/957jvubbxSJTUm2XLAgzoGGV9Tahfyd+uvLsBLRVmXLtpU3oyCjdQIvkGMOA==",
      "dependencies": [
        "tslib"
      ]
    },
    "@supabase/phoenix@0.4.2": {
      "integrity": "sha512-YSAGnmDAfuleFCVt3CeurQZAhxRfXWeZIIkwp7NhYzQ1UwW6ePSnzsFAiUm/mbCkfoCf70QQHKW/K6RKh52a4A=="
    },
    "@supabase/postgrest-js@2.106.2": {
      "integrity": "sha512-tDOzyPgp9pIRMR2x6C9+uDSJrnXSzxLtt3d7nC+Lrsy3jnJDHYfdQC/xcRyhJE/TOBJ0heSqRKR3UmejDjZxsw==",
      "dependencies": [
        "tslib"
      ]
    },
    "@supabase/realtime-js@2.106.2": {
      "integrity": "sha512-LdRGT7DNhyZkPjubUv5bSdAZ0jSEX8wTHvx7htj7+K59TOZRvz4TuQK7tL2RWxyIZVeFMRluL04SzWS61rKnUA==",
      "dependencies": [
        "@supabase/phoenix",
        "tslib"
      ]
    },
    "@supabase/storage-js@2.106.2": {
      "integrity": "sha512-xgKCSYuev1YarV+iVqr+zlfgSyremnJtn8T0NCT8L4XmMv1CLtESc0Q6kNp8+mKWdX/8ND0nzm7OMKx08kwNAw==",
      "dependencies": [
        "iceberg-js",
        "tslib"
      ]
    },
    "@supabase/supabase-js@2.106.2": {
      "integrity": "sha512-2/RZ/1fmJx/MRSEDG2Xk8+J4JVk5clM9V0uSI6kUTrcS32KA89DtqI5RUOC9r6mzY3WBC9qexLjssIHjbLyVJA==",
      "dependencies": [
        "@supabase/auth-js",
        "@supabase/functions-js",
        "@supabase/postgrest-js",
        "@supabase/realtime-js",
        "@supabase/storage-js"
      ]
    },
    "iceberg-js@0.8.1": {
      "integrity": "sha512-1dhVQZXhcHje7798IVM+xoo/1ZdVfzOMIc8/rgVSijRK38EDqOJoGula9N/8ZI5RD8QTxNQtK/Gozpr+qUqRRA=="
    },
    "tslib@2.8.1": {
      "integrity": "sha512-oJFu94HQb+KVduSUQL7wnpmqnfmLsOA/nAh6b6EH0wCEoK0/mPeXU6c3wKDV83MkOuHPRHtSXKKU99IBazS/2w=="
    }
  },
  "remote": {
    "https://deno.land/x/bcrypt@v0.4.1/mod.ts": "ff09bdae282583cf5f7d87efe37ddcecef7f14f6d12e8b8066a3058db8c6c2f7",
    "https://deno.land/x/bcrypt@v0.4.1/src/bcrypt/base64.ts": "b8266450a4f1eb6960f60f2f7986afc4dde6b45bd2d7ee7ba10789e67e17b9f7",
    "https://deno.land/x/bcrypt@v0.4.1/src/bcrypt/bcrypt.ts": "ec221648cc6453ea5e3803bc817c01157dada06aa6f7a0ba6b9f87aae32b21e2",
    "https://deno.land/x/bcrypt@v0.4.1/src/main.ts": "08d201b289c8d9c46f8839c69cd6625b213863db29775c7a200afc3b540e64f8"
  },
  "workspace": {
    "dependencies": [
      "jsr:@hono/hono@^4.12.23",
      "jsr:@std/assert@1",
      "jsr:@std/crypto@1",
      "jsr:@std/dotenv@0.225",
      "jsr:@std/encoding@1",
      "jsr:@std/log@0.224",
      "npm:@supabase/supabase-js@^2.106.2"
    ]
  }
}
